{
  "name": "signalk-xioami-thermostat",
  "version": "1.0.1",
  "lockfileVersion": 3,
  "requires": true,
  "packages": {
    "": {
      "name": "signalk-xioami-thermostat",
      "version": "1.0.0",
      "license": "Apache-2.0",
      "dependencies": {
        "@abandonware/noble": "^1.9.2-21",
        "noble": "^1.9.1"
      },
      "devDependencies": {
        "@types/noble": "^0.0.41",
        "@types/node": "^18.12.1",
        "typescript": "^4.5.5"
      }
    },
    "node_modules/@abandonware/noble": {
      "version": "1.9.2-21",
      "hasInstallScript": true,
      "license": "MIT",
      "os": [
        "darwin",
        "linux",
        "freebsd",
        "win32"
      ],
      "dependencies": {
        "debug": "^4.3.4",
        "napi-thread-safe-callback": "^0.0.6",
        "node-addon-api": "^4.3.0",
        "node-gyp-build": "^4.5.0"
      },
      "engines": {
        "node": ">=6"
      },
      "optionalDependencies": {
        "@abandonware/bluetooth-hci-socket": "^0.5.3-10"
      }
    },
    "node_modules/@types/noble": {
      "version": "0.0.41",
      "dev": true,
      "license": "MIT",
      "dependencies": {
        "@types/node": "*"
      }
    },
    "node_modules/@types/node": {
      "version": "18.16.19",
      "dev": true,
      "license": "MIT"
    },
    "node_modules/bplist-parser": {
      "version": "0.0.6",
      "license": "MIT",
      "optional": true
    },
    "node_modules/debug": {
      "version": "4.3.4",
      "license": "MIT",
      "dependencies": {
        "ms": "2.1.2"
      },
      "engines": {
        "node": ">=6.0"
      },
      "peerDependenciesMeta": {
        "supports-color": {
          "optional": true
        }
      }
    },
    "node_modules/ms": {
      "version": "2.1.2",
      "license": "MIT"
    },
    "node_modules/napi-thread-safe-callback": {
      "version": "0.0.6",
      "license": "ISC"
    },
    "node_modules/noble": {
      "version": "1.9.1",
      "license": "MIT",
      "os": [
        "darwin",
        "linux",
        "freebsd",
        "win32"
      ],
      "dependencies": {
        "debug": "~2.2.0"
      },
      "engines": {
        "node": ">=0.8"
      },
      "optionalDependencies": {
        "bluetooth-hci-socket": "^0.5.1",
        "bplist-parser": "0.0.6",
        "xpc-connection": "~0.1.4"
      }
    },
    "node_modules/noble/node_modules/debug": {
      "version": "2.2.0",
      "license": "MIT",
      "dependencies": {
        "ms": "0.7.1"
      }
    },
    "node_modules/noble/node_modules/ms": {
      "version": "0.7.1"
    },
    "node_modules/node-addon-api": {
      "version": "4.3.0",
      "license": "MIT"
    },
    "node_modules/node-gyp-build": {
      "version": "4.6.0",
      "license": "MIT",
      "bin": {
        "node-gyp-build": "bin.js",
        "node-gyp-build-optional": "optional.js",
        "node-gyp-build-test": "build-test.js"
      }
    },
    "node_modules/typescript": {
      "version": "4.9.5",
      "dev": true,
      "license": "Apache-2.0",
      "bin": {
        "tsc": "bin/tsc",
        "tsserver": "bin/tsserver"
      },
      "engines": {
        "node": ">=4.2.0"
      }
    }
  }
}
